
Microsoft Visual Studio Solution File, Format Version 12.00
# Visual Studio Version 16
VisualStudioVersion = 16.0.30320.27
MinimumVisualStudioVersion = 10.0.40219.1
Project("{FAE04EC0-301F-11D3-BF4B-00C04F79EFBC}") = "Code Challenge_Day 21  Generics", "Code Challenge_Day 21  Generics\Code Challenge_Day 21  Generics.csproj", "{0ADCC157-037D-45BD-AABE-8CB50B29580A}"
EndProject
Global
	GlobalSection(SolutionConfigurationPlatforms) = preSolution
		Debug|Any CPU = Debug|Any CPU
		Release|Any CPU = Release|Any CPU
	EndGlobalSection
	GlobalSection(ProjectConfigurationPlatforms) = postSolution
		{0ADCC157-037D-45BD-AABE-8CB50B29580A}.Debug|Any CPU.ActiveCfg = Debug|Any CPU
		{0ADCC157-037D-45BD-AABE-8CB50B29580A}.Debug|Any CPU.Build.0 = Debug|Any CPU
		{0ADCC157-037D-45BD-AABE-8CB50B29580A}.Release|Any CPU.ActiveCfg = Release|Any CPU
		{0ADCC157-037D-45BD-AABE-8CB50B29580A}.Release|Any CPU.Build.0 = Release|Any CPU
	EndGlobalSection
	GlobalSection(SolutionProperties) = preSolution
		HideSolutionNode = FALSE
	EndGlobalSection
	GlobalSection(ExtensibilityGlobals) = postSolution
		SolutionGuid = {79D74FE1-4C85-47E8-940C-435D1674DC71}
	EndGlobalSection
EndGlobal
